
Microsoft Visual Studio Solution File, Format Version 12.00
# Visual Studio 15
VisualStudioVersion = 15.0.27428.2027
MinimumVisualStudioVersion = 10.0.40219.1
Project("{F2A71F9B-5D33-465A-A702-920D77279786}") = "factx", "src\factx.fsproj", "{53CAB3F0-AA94-4A53-A146-77055D8C859B}"
EndProject
Project("{F2A71F9B-5D33-465A-A702-920D77279786}") = "factx-test", "test\factx-test.fsproj", "{C8C311FA-C931-445E-9990-5D8504FD0BF7}"
EndProject
Global
	GlobalSection(SolutionConfigurationPlatforms) = preSolution
		Debug|Any CPU = Debug|Any CPU
		Release|Any CPU = Release|Any CPU
	EndGlobalSection
	GlobalSection(ProjectConfigurationPlatforms) = postSolution
		{53CAB3F0-AA94-4A53-A146-77055D8C859B}.Debug|Any CPU.ActiveCfg = Debug|Any CPU
		{53CAB3F0-AA94-4A53-A146-77055D8C859B}.Debug|Any CPU.Build.0 = Debug|Any CPU
		{53CAB3F0-AA94-4A53-A146-77055D8C859B}.Release|Any CPU.ActiveCfg = Release|Any CPU
		{53CAB3F0-AA94-4A53-A146-77055D8C859B}.Release|Any CPU.Build.0 = Release|Any CPU
		{C8C311FA-C931-445E-9990-5D8504FD0BF7}.Debug|Any CPU.ActiveCfg = Debug|Any CPU
		{C8C311FA-C931-445E-9990-5D8504FD0BF7}.Debug|Any CPU.Build.0 = Debug|Any CPU
		{C8C311FA-C931-445E-9990-5D8504FD0BF7}.Release|Any CPU.ActiveCfg = Release|Any CPU
		{C8C311FA-C931-445E-9990-5D8504FD0BF7}.Release|Any CPU.Build.0 = Release|Any CPU
	EndGlobalSection
	GlobalSection(SolutionProperties) = preSolution
		HideSolutionNode = FALSE
	EndGlobalSection
	GlobalSection(ExtensibilityGlobals) = postSolution
		SolutionGuid = {B9DD4566-80EE-498E-B176-D6C042A200F1}
	EndGlobalSection
EndGlobal
